# This file is autogenerated, do not edit; changes may be undone by the next 'dep ensure'.


[[projects]]
  name = "github.com/favclip/golidator"
  packages = ["."]
  revision = "f8a22a68c32005c88762ff41a4139950b49263a9"
  version = "v2.0.1"

[[projects]]
  name = "github.com/favclip/ucon"
  packages = [
    ".",
    "swagger"
  ]
  revision = "ccb694c2d08eb1e9d120a7b262b13ffc15bafb42"
  version = "v2.0.0"

[[projects]]
  branch = "master"
  name = "github.com/golang/lint"
  packages = [
    ".",
    "golint"
  ]
  revision = "e14d9b0f1d332b1420c1ffa32562ad2dc84d645d"

[[projects]]
  branch = "master"
  name = "github.com/golang/protobuf"
  packages = ["proto"]
  revision = "925541529c1fa6821df4e44ce2723319eb2be768"

[[projects]]
  branch = "master"
  name = "golang.org/x/net"
  packages = ["context"]
  revision = "0ed95abb35c445290478a5348a7b38bb154135fd"

[[projects]]
  branch = "master"
  name = "golang.org/x/tools"
  packages = [
    "cmd/goimports",
    "go/ast/astutil",
    "go/gcexportdata",
    "go/gcimporter15",
    "go/types/typeutil",
    "imports"
  ]
  revision = "25101aadb97aa42907eee6a238d6d26a6cb3c756"

[[projects]]
  name = "google.golang.org/appengine"
  packages = [
    ".",
    "internal",
    "internal/app_identity",
    "internal/base",
    "internal/datastore",
    "internal/log",
    "internal/modules",
    "internal/remote_api",
    "log"
  ]
  revision = "150dc57a1b433e64154302bdc40b6bb8aefa313a"
  version = "v1.0.0"

[solve-meta]
  analyzer-name = "dep"
  analyzer-version = 1
  inputs-digest = "bb5becf8de5f411dbfe39520d4f9d75c67c8be1da17950a7eac2ac944033a0f9"
  solver-name = "gps-cdcl"
  solver-version = 1
