# This file is autogenerated, do not edit; changes may be undone by the next 'dep ensure'.


[[projects]]
  name = "cloud.google.com/go"
  packages = [
    "civil",
    "compute/metadata",
    "internal/atomiccache",
    "internal/fields",
    "internal/protostruct",
    "internal/version",
    "spanner"
  ]
  revision = "767c40d6a2e058483c25fa193e963a22da17236d"
  version = "v0.18.0"

[[projects]]
  name = "github.com/favclip/genbase"
  packages = ["."]
  revision = "33e3f4f43761221e7ef1f0be35bad3711ae26cbd"
  version = "v1.0.0"

[[projects]]
  name = "github.com/favclip/golidator"
  packages = ["."]
  revision = "f8a22a68c32005c88762ff41a4139950b49263a9"
  version = "v2.0.1"

[[projects]]
  name = "github.com/favclip/jwg"
  packages = ["."]
  revision = "b2b45bf6165a5ec59d00691b6e3af2a21f9d0d7c"
  version = "v1.0.0"

[[projects]]
  name = "github.com/favclip/ucon"
  packages = [
    ".",
    "swagger"
  ]
  revision = "ccb694c2d08eb1e9d120a7b262b13ffc15bafb42"
  version = "v2.0.0"

[[projects]]
  branch = "master"
  name = "github.com/golang/lint"
  packages = [
    ".",
    "golint"
  ]
  revision = "e14d9b0f1d332b1420c1ffa32562ad2dc84d645d"

[[projects]]
  branch = "master"
  name = "github.com/golang/protobuf"
  packages = [
    "proto",
    "protoc-gen-go/descriptor",
    "ptypes",
    "ptypes/any",
    "ptypes/duration",
    "ptypes/empty",
    "ptypes/struct",
    "ptypes/timestamp"
  ]
  revision = "925541529c1fa6821df4e44ce2723319eb2be768"

[[projects]]
  name = "go.opencensus.io"
  packages = [
    "internal/tagencoding",
    "plugin/grpc",
    "plugin/grpc/grpcstats",
    "plugin/grpc/grpctrace",
    "stats",
    "tag",
    "trace",
    "trace/propagation"
  ]
  revision = "521db24b441ed0f3f4b731ec48545f4e3881d3c2"

[[projects]]
  branch = "master"
  name = "golang.org/x/net"
  packages = [
    "context",
    "context/ctxhttp",
    "http2",
    "http2/hpack",
    "idna",
    "internal/timeseries",
    "lex/httplex",
    "trace"
  ]
  revision = "0ed95abb35c445290478a5348a7b38bb154135fd"

[[projects]]
  branch = "master"
  name = "golang.org/x/oauth2"
  packages = [
    ".",
    "google",
    "internal",
    "jws",
    "jwt"
  ]
  revision = "a032972e28060ca4f5644acffae3dfc268cc09db"

[[projects]]
  branch = "master"
  name = "golang.org/x/text"
  packages = [
    "collate",
    "collate/build",
    "internal/colltab",
    "internal/gen",
    "internal/tag",
    "internal/triegen",
    "internal/ucd",
    "language",
    "secure/bidirule",
    "transform",
    "unicode/bidi",
    "unicode/cldr",
    "unicode/norm",
    "unicode/rangetable"
  ]
  revision = "e19ae1496984b1c655b8044a65c0300a3c878dd3"

[[projects]]
  branch = "master"
  name = "golang.org/x/tools"
  packages = [
    "cmd/goimports",
    "go/ast/astutil",
    "go/gcexportdata",
    "go/gcimporter15",
    "go/types/typeutil",
    "imports"
  ]
  revision = "25101aadb97aa42907eee6a238d6d26a6cb3c756"

[[projects]]
  branch = "master"
  name = "google.golang.org/api"
  packages = [
    "internal",
    "iterator",
    "option",
    "transport/grpc"
  ]
  revision = "7d0e2d350555821bef5a5b8aecf0d12cc1def633"

[[projects]]
  name = "google.golang.org/appengine"
  packages = [
    ".",
    "internal",
    "internal/app_identity",
    "internal/base",
    "internal/datastore",
    "internal/log",
    "internal/modules",
    "internal/remote_api",
    "internal/socket",
    "internal/urlfetch",
    "log",
    "socket",
    "urlfetch"
  ]
  revision = "150dc57a1b433e64154302bdc40b6bb8aefa313a"
  version = "v1.0.0"

[[projects]]
  branch = "master"
  name = "google.golang.org/genproto"
  packages = [
    "googleapis/api/annotations",
    "googleapis/rpc/errdetails",
    "googleapis/rpc/status",
    "googleapis/spanner/v1"
  ]
  revision = "4eb30f4778eed4c258ba66527a0d4f9ec8a36c45"

[[projects]]
  name = "google.golang.org/grpc"
  packages = [
    ".",
    "balancer",
    "balancer/base",
    "balancer/roundrobin",
    "codes",
    "connectivity",
    "credentials",
    "credentials/oauth",
    "encoding",
    "grpclb/grpc_lb_v1/messages",
    "grpclog",
    "internal",
    "keepalive",
    "metadata",
    "naming",
    "peer",
    "resolver",
    "resolver/dns",
    "resolver/passthrough",
    "stats",
    "status",
    "tap",
    "transport"
  ]
  revision = "6b51017f791ae1cfbec89c52efdf444b13b550ef"
  version = "v1.9.2"

[solve-meta]
  analyzer-name = "dep"
  analyzer-version = 1
  inputs-digest = "6ff664350dbec4cc0367e37c1b2f895bcd29d4c1be11bfb9ebd2213db4beaf03"
  solver-name = "gps-cdcl"
  solver-version = 1
